// !$*UTF8*$!
{
	archiveVersion = 1;
	classes = {
	};
	objectVersion = 50;
	objects = {

/* Begin PBXBuildFile section */
		E5473BC7240F5EDF0005CCC7 /* AppDelegate.m in Sources */ = {isa = PBXBuildFile; fileRef = E5473BC6240F5EDF0005CCC7 /* AppDelegate.m */; };
		E5473BCD240F5EDF0005CCC7 /* ViewController.m in Sources */ = {isa = PBXBuildFile; fileRef = E5473BCC240F5EDF0005CCC7 /* ViewController.m */; };
		E5473BD0240F5EDF0005CCC7 /* Main.storyboard in Resources */ = {isa = PBXBuildFile; fileRef = E5473BCE240F5EDF0005CCC7 /* Main.storyboard */; };
		E5473BD2240F5EE20005CCC7 /* Assets.xcassets in Resources */ = {isa = PBXBuildFile; fileRef = E5473BD1240F5EE20005CCC7 /* Assets.xcassets */; };
		E5473BD5240F5EE20005CCC7 /* LaunchScreen.storyboard in Resources */ = {isa = PBXBuildFile; fileRef = E5473BD3240F5EE20005CCC7 /* LaunchScreen.storyboard */; };
		E5473BD8240F5EE20005CCC7 /* main.m in Sources */ = {isa = PBXBuildFile; fileRef = E5473BD7240F5EE20005CCC7 /* main.m */; };
		E5473BE2240F5EE20005CCC7 /* MTCityListTests.m in Sources */ = {isa = PBXBuildFile; fileRef = E5473BE1240F5EE20005CCC7 /* MTCityListTests.m */; };
		E5473BED240F5EE20005CCC7 /* MTCityListUITests.m in Sources */ = {isa = PBXBuildFile; fileRef = E5473BEC240F5EE20005CCC7 /* MTCityListUITests.m */; };
		E5473BFD240F905F0005CCC7 /* MTCityManager.m in Sources */ = {isa = PBXBuildFile; fileRef = E5473BFC240F905F0005CCC7 /* MTCityManager.m */; };
		E5473C19240F90A70005CCC7 /* NSLayoutConstraint+MASDebugAdditions.m in Sources */ = {isa = PBXBuildFile; fileRef = E5473C01240F90A70005CCC7 /* NSLayoutConstraint+MASDebugAdditions.m */; };
		E5473C1A240F90A70005CCC7 /* ViewController+MASAdditions.m in Sources */ = {isa = PBXBuildFile; fileRef = E5473C0A240F90A70005CCC7 /* ViewController+MASAdditions.m */; };
		E5473C1B240F90A70005CCC7 /* MASCompositeConstraint.m in Sources */ = {isa = PBXBuildFile; fileRef = E5473C0E240F90A70005CCC7 /* MASCompositeConstraint.m */; };
		E5473C1C240F90A70005CCC7 /* MASConstraintMaker.m in Sources */ = {isa = PBXBuildFile; fileRef = E5473C0F240F90A70005CCC7 /* MASConstraintMaker.m */; };
		E5473C1D240F90A70005CCC7 /* MASLayoutConstraint.m in Sources */ = {isa = PBXBuildFile; fileRef = E5473C10240F90A70005CCC7 /* MASLayoutConstraint.m */; };
		E5473C1E240F90A70005CCC7 /* NSArray+MASAdditions.m in Sources */ = {isa = PBXBuildFile; fileRef = E5473C11240F90A70005CCC7 /* NSArray+MASAdditions.m */; };
		E5473C1F240F90A70005CCC7 /* View+MASAdditions.m in Sources */ = {isa = PBXBuildFile; fileRef = E5473C12240F90A70005CCC7 /* View+MASAdditions.m */; };
		E5473C20240F90A70005CCC7 /* MASConstraint.m in Sources */ = {isa = PBXBuildFile; fileRef = E5473C15240F90A70005CCC7 /* MASConstraint.m */; };
		E5473C21240F90A70005CCC7 /* MASViewConstraint.m in Sources */ = {isa = PBXBuildFile; fileRef = E5473C17240F90A70005CCC7 /* MASViewConstraint.m */; };
		E5473C22240F90A70005CCC7 /* MASViewAttribute.m in Sources */ = {isa = PBXBuildFile; fileRef = E5473C18240F90A70005CCC7 /* MASViewAttribute.m */; };
		E5473C27240F94FF0005CCC7 /* MTCityModel.m in Sources */ = {isa = PBXBuildFile; fileRef = E5473C26240F94FF0005CCC7 /* MTCityModel.m */; };
		E5473C2B240F97140005CCC7 /* NSUserDefaults+CustomObj.m in Sources */ = {isa = PBXBuildFile; fileRef = E5473C2A240F97140005CCC7 /* NSUserDefaults+CustomObj.m */; };
		E5473C2D240F98110005CCC7 /* Area.json in Resources */ = {isa = PBXBuildFile; fileRef = E5473C2C240F98110005CCC7 /* Area.json */; };
		E5473C37240F98820005CCC7 /* LICENSE in Resources */ = {isa = PBXBuildFile; fileRef = E5473C2F240F98820005CCC7 /* LICENSE */; };
		E5473C38240F98820005CCC7 /* README.md in Resources */ = {isa = PBXBuildFile; fileRef = E5473C30240F98820005CCC7 /* README.md */; };
		E5473C39240F98820005CCC7 /* NSObject+YYModel.m in Sources */ = {isa = PBXBuildFile; fileRef = E5473C34240F98820005CCC7 /* NSObject+YYModel.m */; };
		E5473C3A240F98820005CCC7 /* YYClassInfo.m in Sources */ = {isa = PBXBuildFile; fileRef = E5473C35240F98820005CCC7 /* YYClassInfo.m */; };
		E5473C3D240F98CC0005CCC7 /* NSString+TransformLetter.m in Sources */ = {isa = PBXBuildFile; fileRef = E5473C3C240F98CC0005CCC7 /* NSString+TransformLetter.m */; };
		E5473C41240FBCA90005CCC7 /* MTCityViewController.m in Sources */ = {isa = PBXBuildFile; fileRef = E5473C40240FBCA90005CCC7 /* MTCityViewController.m */; };
		E5473C44240FBE220005CCC7 /* MTCityTableView.m in Sources */ = {isa = PBXBuildFile; fileRef = E5473C43240FBE220005CCC7 /* MTCityTableView.m */; };
		E5473C47240FBE700005CCC7 /* MTCityTableViewCell.m in Sources */ = {isa = PBXBuildFile; fileRef = E5473C46240FBE700005CCC7 /* MTCityTableViewCell.m */; };
		E5473C4A240FBF010005CCC7 /* MTHotCItyTableViewCell.m in Sources */ = {isa = PBXBuildFile; fileRef = E5473C49240FBF010005CCC7 /* MTHotCItyTableViewCell.m */; };
		E5473C4D240FBFB00005CCC7 /* UIButton+Tools.m in Sources */ = {isa = PBXBuildFile; fileRef = E5473C4C240FBFB00005CCC7 /* UIButton+Tools.m */; };
		E56A8374240FDD6200E0DBED /* MTCityHeaderView.m in Sources */ = {isa = PBXBuildFile; fileRef = E56A8373240FDD6200E0DBED /* MTCityHeaderView.m */; };
/* End PBXBuildFile section */

/* Begin PBXContainerItemProxy section */
		E5473BDE240F5EE20005CCC7 /* PBXContainerItemProxy */ = {
			isa = PBXContainerItemProxy;
			containerPortal = E5473BBA240F5EDF0005CCC7 /* Project object */;
			proxyType = 1;
			remoteGlobalIDString = E5473BC1240F5EDF0005CCC7;
			remoteInfo = MTCityList;
		};
		E5473BE9240F5EE20005CCC7 /* PBXContainerItemProxy */ = {
			isa = PBXContainerItemProxy;
			containerPortal = E5473BBA240F5EDF0005CCC7 /* Project object */;
			proxyType = 1;
			remoteGlobalIDString = E5473BC1240F5EDF0005CCC7;
			remoteInfo = MTCityList;
		};
/* End PBXContainerItemProxy section */

/* Begin PBXFileReference section */
		E5473BC2240F5EDF0005CCC7 /* MTCityList.app */ = {isa = PBXFileReference; explicitFileType = wrapper.application; includeInIndex = 0; path = MTCityList.app; sourceTree = BUILT_PRODUCTS_DIR; };
		E5473BC5240F5EDF0005CCC7 /* AppDelegate.h */ = {isa = PBXFileReference; lastKnownFileType = sourcecode.c.h; path = AppDelegate.h; sourceTree = "<group>"; };
		E5473BC6240F5EDF0005CCC7 /* AppDelegate.m */ = {isa = PBXFileReference; lastKnownFileType = sourcecode.c.objc; path = AppDelegate.m; sourceTree = "<group>"; };
		E5473BCB240F5EDF0005CCC7 /* ViewController.h */ = {isa = PBXFileReference; lastKnownFileType = sourcecode.c.h; path = ViewController.h; sourceTree = "<group>"; };
		E5473BCC240F5EDF0005CCC7 /* ViewController.m */ = {isa = PBXFileReference; lastKnownFileType = sourcecode.c.objc; path = ViewController.m; sourceTree = "<group>"; };
		E5473BCF240F5EDF0005CCC7 /* Base */ = {isa = PBXFileReference; lastKnownFileType = file.storyboard; name = Base; path = Base.lproj/Main.storyboard; sourceTree = "<group>"; };
		E5473BD1240F5EE20005CCC7 /* Assets.xcassets */ = {isa = PBXFileReference; lastKnownFileType = folder.assetcatalog; path = Assets.xcassets; sourceTree = "<group>"; };
		E5473BD4240F5EE20005CCC7 /* Base */ = {isa = PBXFileReference; lastKnownFileType = file.storyboard; name = Base; path = Base.lproj/LaunchScreen.storyboard; sourceTree = "<group>"; };
		E5473BD6240F5EE20005CCC7 /* Info.plist */ = {isa = PBXFileReference; lastKnownFileType = text.plist.xml; path = Info.plist; sourceTree = "<group>"; };
		E5473BD7240F5EE20005CCC7 /* main.m */ = {isa = PBXFileReference; lastKnownFileType = sourcecode.c.objc; path = main.m; sourceTree = "<group>"; };
		E5473BDD240F5EE20005CCC7 /* MTCityListTests.xctest */ = {isa = PBXFileReference; explicitFileType = wrapper.cfbundle; includeInIndex = 0; path = MTCityListTests.xctest; sourceTree = BUILT_PRODUCTS_DIR; };
		E5473BE1240F5EE20005CCC7 /* MTCityListTests.m */ = {isa = PBXFileReference; lastKnownFileType = sourcecode.c.objc; path = MTCityListTests.m; sourceTree = "<group>"; };
		E5473BE3240F5EE20005CCC7 /* Info.plist */ = {isa = PBXFileReference; lastKnownFileType = text.plist.xml; path = Info.plist; sourceTree = "<group>"; };
		E5473BE8240F5EE20005CCC7 /* MTCityListUITests.xctest */ = {isa = PBXFileReference; explicitFileType = wrapper.cfbundle; includeInIndex = 0; path = MTCityListUITests.xctest; sourceTree = BUILT_PRODUCTS_DIR; };
		E5473BEC240F5EE20005CCC7 /* MTCityListUITests.m */ = {isa = PBXFileReference; lastKnownFileType = sourcecode.c.objc; path = MTCityListUITests.m; sourceTree = "<group>"; };
		E5473BEE240F5EE20005CCC7 /* Info.plist */ = {isa = PBXFileReference; lastKnownFileType = text.plist.xml; path = Info.plist; sourceTree = "<group>"; };
		E5473BFB240F905F0005CCC7 /* MTCityManager.h */ = {isa = PBXFileReference; lastKnownFileType = sourcecode.c.h; path = MTCityManager.h; sourceTree = "<group>"; };
		E5473BFC240F905F0005CCC7 /* MTCityManager.m */ = {isa = PBXFileReference; lastKnownFileType = sourcecode.c.objc; path = MTCityManager.m; sourceTree = "<group>"; };
		E5473C00240F90A70005CCC7 /* MASCompositeConstraint.h */ = {isa = PBXFileReference; fileEncoding = 4; lastKnownFileType = sourcecode.c.h; path = MASCompositeConstraint.h; sourceTree = "<group>"; };
		E5473C01240F90A70005CCC7 /* NSLayoutConstraint+MASDebugAdditions.m */ = {isa = PBXFileReference; fileEncoding = 4; lastKnownFileType = sourcecode.c.objc; path = "NSLayoutConstraint+MASDebugAdditions.m"; sourceTree = "<group>"; };
		E5473C02240F90A70005CCC7 /* MASConstraint+Private.h */ = {isa = PBXFileReference; fileEncoding = 4; lastKnownFileType = sourcecode.c.h; path = "MASConstraint+Private.h"; sourceTree = "<group>"; };
		E5473C03240F90A70005CCC7 /* MASLayoutConstraint.h */ = {isa = PBXFileReference; fileEncoding = 4; lastKnownFileType = sourcecode.c.h; path = MASLayoutConstraint.h; sourceTree = "<group>"; };
		E5473C04240F90A70005CCC7 /* NSArray+MASShorthandAdditions.h */ = {isa = PBXFileReference; fileEncoding = 4; lastKnownFileType = sourcecode.c.h; path = "NSArray+MASShorthandAdditions.h"; sourceTree = "<group>"; };
		E5473C05240F90A70005CCC7 /* MASConstraintMaker.h */ = {isa = PBXFileReference; fileEncoding = 4; lastKnownFileType = sourcecode.c.h; path = MASConstraintMaker.h; sourceTree = "<group>"; };
		E5473C06240F90A70005CCC7 /* View+MASAdditions.h */ = {isa = PBXFileReference; fileEncoding = 4; lastKnownFileType = sourcecode.c.h; path = "View+MASAdditions.h"; sourceTree = "<group>"; };
		E5473C07240F90A70005CCC7 /* NSArray+MASAdditions.h */ = {isa = PBXFileReference; fileEncoding = 4; lastKnownFileType = sourcecode.c.h; path = "NSArray+MASAdditions.h"; sourceTree = "<group>"; };
		E5473C08240F90A70005CCC7 /* MASUtilities.h */ = {isa = PBXFileReference; fileEncoding = 4; lastKnownFileType = sourcecode.c.h; path = MASUtilities.h; sourceTree = "<group>"; };
		E5473C09240F90A70005CCC7 /* MASViewAttribute.h */ = {isa = PBXFileReference; fileEncoding = 4; lastKnownFileType = sourcecode.c.h; path = MASViewAttribute.h; sourceTree = "<group>"; };
		E5473C0A240F90A70005CCC7 /* ViewController+MASAdditions.m */ = {isa = PBXFileReference; fileEncoding = 4; lastKnownFileType = sourcecode.c.objc; path = "ViewController+MASAdditions.m"; sourceTree = "<group>"; };
		E5473C0B240F90A70005CCC7 /* MASViewConstraint.h */ = {isa = PBXFileReference; fileEncoding = 4; lastKnownFileType = sourcecode.c.h; path = MASViewConstraint.h; sourceTree = "<group>"; };
		E5473C0C240F90A70005CCC7 /* MASConstraint.h */ = {isa = PBXFileReference; fileEncoding = 4; lastKnownFileType = sourcecode.c.h; path = MASConstraint.h; sourceTree = "<group>"; };
		E5473C0D240F90A70005CCC7 /* NSLayoutConstraint+MASDebugAdditions.h */ = {isa = PBXFileReference; fileEncoding = 4; lastKnownFileType = sourcecode.c.h; path = "NSLayoutConstraint+MASDebugAdditions.h"; sourceTree = "<group>"; };
		E5473C0E240F90A70005CCC7 /* MASCompositeConstraint.m */ = {isa = PBXFileReference; fileEncoding = 4; lastKnownFileType = sourcecode.c.objc; path = MASCompositeConstraint.m; sourceTree = "<group>"; };
		E5473C0F240F90A70005CCC7 /* MASConstraintMaker.m */ = {isa = PBXFileReference; fileEncoding = 4; lastKnownFileType = sourcecode.c.objc; path = MASConstraintMaker.m; sourceTree = "<group>"; };
		E5473C10240F90A70005CCC7 /* MASLayoutConstraint.m */ = {isa = PBXFileReference; fileEncoding = 4; lastKnownFileType = sourcecode.c.objc; path = MASLayoutConstraint.m; sourceTree = "<group>"; };
		E5473C11240F90A70005CCC7 /* NSArray+MASAdditions.m */ = {isa = PBXFileReference; fileEncoding = 4; lastKnownFileType = sourcecode.c.objc; path = "NSArray+MASAdditions.m"; sourceTree = "<group>"; };
		E5473C12240F90A70005CCC7 /* View+MASAdditions.m */ = {isa = PBXFileReference; fileEncoding = 4; lastKnownFileType = sourcecode.c.objc; path = "View+MASAdditions.m"; sourceTree = "<group>"; };
		E5473C13240F90A70005CCC7 /* View+MASShorthandAdditions.h */ = {isa = PBXFileReference; fileEncoding = 4; lastKnownFileType = sourcecode.c.h; path = "View+MASShorthandAdditions.h"; sourceTree = "<group>"; };
		E5473C14240F90A70005CCC7 /* Masonry.h */ = {isa = PBXFileReference; fileEncoding = 4; lastKnownFileType = sourcecode.c.h; path = Masonry.h; sourceTree = "<group>"; };
		E5473C15240F90A70005CCC7 /* MASConstraint.m */ = {isa = PBXFileReference; fileEncoding = 4; lastKnownFileType = sourcecode.c.objc; path = MASConstraint.m; sourceTree = "<group>"; };
		E5473C16240F90A70005CCC7 /* ViewController+MASAdditions.h */ = {isa = PBXFileReference; fileEncoding = 4; lastKnownFileType = sourcecode.c.h; path = "ViewController+MASAdditions.h"; sourceTree = "<group>"; };
		E5473C17240F90A70005CCC7 /* MASViewConstraint.m */ = {isa = PBXFileReference; fileEncoding = 4; lastKnownFileType = sourcecode.c.objc; path = MASViewConstraint.m; sourceTree = "<group>"; };
		E5473C18240F90A70005CCC7 /* MASViewAttribute.m */ = {isa = PBXFileReference; fileEncoding = 4; lastKnownFileType = sourcecode.c.objc; path = MASViewAttribute.m; sourceTree = "<group>"; };
		E5473C24240F92240005CCC7 /* MTCityList.pch */ = {isa = PBXFileReference; fileEncoding = 4; lastKnownFileType = sourcecode.c.h; path = MTCityList.pch; sourceTree = "<group>"; };
		E5473C25240F94FF0005CCC7 /* MTCityModel.h */ = {isa = PBXFileReference; lastKnownFileType = sourcecode.c.h; path = MTCityModel.h; sourceTree = "<group>"; };
		E5473C26240F94FF0005CCC7 /* MTCityModel.m */ = {isa = PBXFileReference; lastKnownFileType = sourcecode.c.objc; path = MTCityModel.m; sourceTree = "<group>"; };
		E5473C29240F97140005CCC7 /* NSUserDefaults+CustomObj.h */ = {isa = PBXFileReference; lastKnownFileType = sourcecode.c.h; path = "NSUserDefaults+CustomObj.h"; sourceTree = "<group>"; };
		E5473C2A240F97140005CCC7 /* NSUserDefaults+CustomObj.m */ = {isa = PBXFileReference; lastKnownFileType = sourcecode.c.objc; path = "NSUserDefaults+CustomObj.m"; sourceTree = "<group>"; };
		E5473C2C240F98110005CCC7 /* Area.json */ = {isa = PBXFileReference; fileEncoding = 4; lastKnownFileType = text.json; path = Area.json; sourceTree = "<group>"; };
		E5473C2F240F98820005CCC7 /* LICENSE */ = {isa = PBXFileReference; fileEncoding = 4; lastKnownFileType = text; path = LICENSE; sourceTree = "<group>"; };
		E5473C30240F98820005CCC7 /* README.md */ = {isa = PBXFileReference; fileEncoding = 4; lastKnownFileType = net.daringfireball.markdown; path = README.md; sourceTree = "<group>"; };
		E5473C32240F98820005CCC7 /* YYClassInfo.h */ = {isa = PBXFileReference; fileEncoding = 4; lastKnownFileType = sourcecode.c.h; path = YYClassInfo.h; sourceTree = "<group>"; };
		E5473C33240F98820005CCC7 /* YYModel.h */ = {isa = PBXFileReference; fileEncoding = 4; lastKnownFileType = sourcecode.c.h; path = YYModel.h; sourceTree = "<group>"; };
		E5473C34240F98820005CCC7 /* NSObject+YYModel.m */ = {isa = PBXFileReference; fileEncoding = 4; lastKnownFileType = sourcecode.c.objc; path = "NSObject+YYModel.m"; sourceTree = "<group>"; };
		E5473C35240F98820005CCC7 /* YYClassInfo.m */ = {isa = PBXFileReference; fileEncoding = 4; lastKnownFileType = sourcecode.c.objc; path = YYClassInfo.m; sourceTree = "<group>"; };
		E5473C36240F98820005CCC7 /* NSObject+YYModel.h */ = {isa = PBXFileReference; fileEncoding = 4; lastKnownFileType = sourcecode.c.h; path = "NSObject+YYModel.h"; sourceTree = "<group>"; };
		E5473C3B240F98CC0005CCC7 /* NSString+TransformLetter.h */ = {isa = PBXFileReference; lastKnownFileType = sourcecode.c.h; path = "NSString+TransformLetter.h"; sourceTree = "<group>"; };
		E5473C3C240F98CC0005CCC7 /* NSString+TransformLetter.m */ = {isa = PBXFileReference; lastKnownFileType = sourcecode.c.objc; path = "NSString+TransformLetter.m"; sourceTree = "<group>"; };
		E5473C3F240FBCA90005CCC7 /* MTCityViewController.h */ = {isa = PBXFileReference; lastKnownFileType = sourcecode.c.h; path = MTCityViewController.h; sourceTree = "<group>"; };
		E5473C40240FBCA90005CCC7 /* MTCityViewController.m */ = {isa = PBXFileReference; lastKnownFileType = sourcecode.c.objc; path = MTCityViewController.m; sourceTree = "<group>"; };
		E5473C42240FBE220005CCC7 /* MTCityTableView.h */ = {isa = PBXFileReference; lastKnownFileType = sourcecode.c.h; path = MTCityTableView.h; sourceTree = "<group>"; };
		E5473C43240FBE220005CCC7 /* MTCityTableView.m */ = {isa = PBXFileReference; lastKnownFileType = sourcecode.c.objc; path = MTCityTableView.m; sourceTree = "<group>"; };
		E5473C45240FBE700005CCC7 /* MTCityTableViewCell.h */ = {isa = PBXFileReference; lastKnownFileType = sourcecode.c.h; path = MTCityTableViewCell.h; sourceTree = "<group>"; };
		E5473C46240FBE700005CCC7 /* MTCityTableViewCell.m */ = {isa = PBXFileReference; lastKnownFileType = sourcecode.c.objc; path = MTCityTableViewCell.m; sourceTree = "<group>"; };
		E5473C48240FBF010005CCC7 /* MTHotCItyTableViewCell.h */ = {isa = PBXFileReference; lastKnownFileType = sourcecode.c.h; path = MTHotCItyTableViewCell.h; sourceTree = "<group>"; };
		E5473C49240FBF010005CCC7 /* MTHotCItyTableViewCell.m */ = {isa = PBXFileReference; lastKnownFileType = sourcecode.c.objc; path = MTHotCItyTableViewCell.m; sourceTree = "<group>"; };
		E5473C4B240FBFB00005CCC7 /* UIButton+Tools.h */ = {isa = PBXFileReference; lastKnownFileType = sourcecode.c.h; path = "UIButton+Tools.h"; sourceTree = "<group>"; };
		E5473C4C240FBFB00005CCC7 /* UIButton+Tools.m */ = {isa = PBXFileReference; lastKnownFileType = sourcecode.c.objc; path = "UIButton+Tools.m"; sourceTree = "<group>"; };
		E5473C4E240FC0BB0005CCC7 /* MTMacros.h */ = {isa = PBXFileReference; lastKnownFileType = sourcecode.c.h; path = MTMacros.h; sourceTree = "<group>"; };
		E56A8372240FDD6200E0DBED /* MTCityHeaderView.h */ = {isa = PBXFileReference; lastKnownFileType = sourcecode.c.h; path = MTCityHeaderView.h; sourceTree = "<group>"; };
		E56A8373240FDD6200E0DBED /* MTCityHeaderView.m */ = {isa = PBXFileReference; lastKnownFileType = sourcecode.c.objc; path = MTCityHeaderView.m; sourceTree = "<group>"; };
/* End PBXFileReference section */

/* Begin PBXFrameworksBuildPhase section */
		E5473BBF240F5EDF0005CCC7 /* Frameworks */ = {
			isa = PBXFrameworksBuildPhase;
			buildActionMask = 2147483647;
			files = (
			);
			runOnlyForDeploymentPostprocessing = 0;
		};
		E5473BDA240F5EE20005CCC7 /* Frameworks */ = {
			isa = PBXFrameworksBuildPhase;
			buildActionMask = 2147483647;
			files = (
			);
			runOnlyForDeploymentPostprocessing = 0;
		};
		E5473BE5240F5EE20005CCC7 /* Frameworks */ = {
			isa = PBXFrameworksBuildPhase;
			buildActionMask = 2147483647;
			files = (
			);
			runOnlyForDeploymentPostprocessing = 0;
		};
/* End PBXFrameworksBuildPhase section */

/* Begin PBXGroup section */
		E5473BB9240F5EDF0005CCC7 = {
			isa = PBXGroup;
			children = (
				E5473BC4240F5EDF0005CCC7 /* MTCityList */,
				E5473BE0240F5EE20005CCC7 /* MTCityListTests */,
				E5473BEB240F5EE20005CCC7 /* MTCityListUITests */,
				E5473BC3240F5EDF0005CCC7 /* Products */,
			);
			sourceTree = "<group>";
		};
		E5473BC3240F5EDF0005CCC7 /* Products */ = {
			isa = PBXGroup;
			children = (
				E5473BC2240F5EDF0005CCC7 /* MTCityList.app */,
				E5473BDD240F5EE20005CCC7 /* MTCityListTests.xctest */,
				E5473BE8240F5EE20005CCC7 /* MTCityListUITests.xctest */,
			);
			name = Products;
			sourceTree = "<group>";
		};
		E5473BC4240F5EDF0005CCC7 /* MTCityList */ = {
			isa = PBXGroup;
			children = (
				E5473C2C240F98110005CCC7 /* Area.json */,
				E5473BC5240F5EDF0005CCC7 /* AppDelegate.h */,
				E5473BC6240F5EDF0005CCC7 /* AppDelegate.m */,
				E5473BCB240F5EDF0005CCC7 /* ViewController.h */,
				E5473BCC240F5EDF0005CCC7 /* ViewController.m */,
				E5473BFE240F907B0005CCC7 /* lib */,
				E5473BFA240F90180005CCC7 /* City */,
				E5473BCE240F5EDF0005CCC7 /* Main.storyboard */,
				E5473BD1240F5EE20005CCC7 /* Assets.xcassets */,
				E5473C24240F92240005CCC7 /* MTCityList.pch */,
				E5473BD3240F5EE20005CCC7 /* LaunchScreen.storyboard */,
				E5473BD6240F5EE20005CCC7 /* Info.plist */,
				E5473BD7240F5EE20005CCC7 /* main.m */,
			);
			path = MTCityList;
			sourceTree = "<group>";
		};
		E5473BE0240F5EE20005CCC7 /* MTCityListTests */ = {
			isa = PBXGroup;
			children = (
				E5473BE1240F5EE20005CCC7 /* MTCityListTests.m */,
				E5473BE3240F5EE20005CCC7 /* Info.plist */,
			);
			path = MTCityListTests;
			sourceTree = "<group>";
		};
		E5473BEB240F5EE20005CCC7 /* MTCityListUITests */ = {
			isa = PBXGroup;
			children = (
				E5473BEC240F5EE20005CCC7 /* MTCityListUITests.m */,
				E5473BEE240F5EE20005CCC7 /* Info.plist */,
			);
			path = MTCityListUITests;
			sourceTree = "<group>";
		};
		E5473BFA240F90180005CCC7 /* City */ = {
			isa = PBXGroup;
			children = (
				E5473C3E240F98D00005CCC7 /* Category */,
				E5473BFB240F905F0005CCC7 /* MTCityManager.h */,
				E5473BFC240F905F0005CCC7 /* MTCityManager.m */,
				E5473C25240F94FF0005CCC7 /* MTCityModel.h */,
				E5473C26240F94FF0005CCC7 /* MTCityModel.m */,
				E5473C3F240FBCA90005CCC7 /* MTCityViewController.h */,
				E5473C40240FBCA90005CCC7 /* MTCityViewController.m */,
				E56A8372240FDD6200E0DBED /* MTCityHeaderView.h */,
				E56A8373240FDD6200E0DBED /* MTCityHeaderView.m */,
				E5473C42240FBE220005CCC7 /* MTCityTableView.h */,
				E5473C43240FBE220005CCC7 /* MTCityTableView.m */,
				E5473C45240FBE700005CCC7 /* MTCityTableViewCell.h */,
				E5473C46240FBE700005CCC7 /* MTCityTableViewCell.m */,
				E5473C48240FBF010005CCC7 /* MTHotCItyTableViewCell.h */,
				E5473C49240FBF010005CCC7 /* MTHotCItyTableViewCell.m */,
				E5473C4E240FC0BB0005CCC7 /* MTMacros.h */,
			);
			path = City;
			sourceTree = "<group>";
		};
		E5473BFE240F907B0005CCC7 /* lib */ = {
			isa = PBXGroup;
			children = (
				E5473C2E240F98820005CCC7 /* YYModel */,
				E5473BFF240F90A70005CCC7 /* Masonry */,
			);
			path = lib;
			sourceTree = "<group>";
		};
		E5473BFF240F90A70005CCC7 /* Masonry */ = {
			isa = PBXGroup;
			children = (
				E5473C00240F90A70005CCC7 /* MASCompositeConstraint.h */,
				E5473C01240F90A70005CCC7 /* NSLayoutConstraint+MASDebugAdditions.m */,
				E5473C02240F90A70005CCC7 /* MASConstraint+Private.h */,
				E5473C03240F90A70005CCC7 /* MASLayoutConstraint.h */,
				E5473C04240F90A70005CCC7 /* NSArray+MASShorthandAdditions.h */,
				E5473C05240F90A70005CCC7 /* MASConstraintMaker.h */,
				E5473C06240F90A70005CCC7 /* View+MASAdditions.h */,
				E5473C07240F90A70005CCC7 /* NSArray+MASAdditions.h */,
				E5473C08240F90A70005CCC7 /* MASUtilities.h */,
				E5473C09240F90A70005CCC7 /* MASViewAttribute.h */,
				E5473C0A240F90A70005CCC7 /* ViewController+MASAdditions.m */,
				E5473C0B240F90A70005CCC7 /* MASViewConstraint.h */,
				E5473C0C240F90A70005CCC7 /* MASConstraint.h */,
				E5473C0D240F90A70005CCC7 /* NSLayoutConstraint+MASDebugAdditions.h */,
				E5473C0E240F90A70005CCC7 /* MASCompositeConstraint.m */,
				E5473C0F240F90A70005CCC7 /* MASConstraintMaker.m */,
				E5473C10240F90A70005CCC7 /* MASLayoutConstraint.m */,
				E5473C11240F90A70005CCC7 /* NSArray+MASAdditions.m */,
				E5473C12240F90A70005CCC7 /* View+MASAdditions.m */,
				E5473C13240F90A70005CCC7 /* View+MASShorthandAdditions.h */,
				E5473C14240F90A70005CCC7 /* Masonry.h */,
				E5473C15240F90A70005CCC7 /* MASConstraint.m */,
				E5473C16240F90A70005CCC7 /* ViewController+MASAdditions.h */,
				E5473C17240F90A70005CCC7 /* MASViewConstraint.m */,
				E5473C18240F90A70005CCC7 /* MASViewAttribute.m */,
			);
			path = Masonry;
			sourceTree = "<group>";
		};
		E5473C2E240F98820005CCC7 /* YYModel */ = {
			isa = PBXGroup;
			children = (
				E5473C2F240F98820005CCC7 /* LICENSE */,
				E5473C30240F98820005CCC7 /* README.md */,
				E5473C31240F98820005CCC7 /* YYModel */,
			);
			path = YYModel;
			sourceTree = "<group>";
		};
		E5473C31240F98820005CCC7 /* YYModel */ = {
			isa = PBXGroup;
			children = (
				E5473C32240F98820005CCC7 /* YYClassInfo.h */,
				E5473C33240F98820005CCC7 /* YYModel.h */,
				E5473C34240F98820005CCC7 /* NSObject+YYModel.m */,
				E5473C35240F98820005CCC7 /* YYClassInfo.m */,
				E5473C36240F98820005CCC7 /* NSObject+YYModel.h */,
			);
			path = YYModel;
			sourceTree = "<group>";
		};
		E5473C3E240F98D00005CCC7 /* Category */ = {
			isa = PBXGroup;
			children = (
				E5473C29240F97140005CCC7 /* NSUserDefaults+CustomObj.h */,
				E5473C2A240F97140005CCC7 /* NSUserDefaults+CustomObj.m */,
				E5473C3B240F98CC0005CCC7 /* NSString+TransformLetter.h */,
				E5473C3C240F98CC0005CCC7 /* NSString+TransformLetter.m */,
				E5473C4B240FBFB00005CCC7 /* UIButton+Tools.h */,
				E5473C4C240FBFB00005CCC7 /* UIButton+Tools.m */,
			);
			path = Category;
			sourceTree = "<group>";
		};
/* End PBXGroup section */

/* Begin PBXNativeTarget section */
		E5473BC1240F5EDF0005CCC7 /* MTCityList */ = {
			isa = PBXNativeTarget;
			buildConfigurationList = E5473BF1240F5EE20005CCC7 /* Build configuration list for PBXNativeTarget "MTCityList" */;
			buildPhases = (
				E5473BBE240F5EDF0005CCC7 /* Sources */,
				E5473BBF240F5EDF0005CCC7 /* Frameworks */,
				E5473BC0240F5EDF0005CCC7 /* Resources */,
			);
			buildRules = (
			);
			dependencies = (
			);
			name = MTCityList;
			productName = MTCityList;
			productReference = E5473BC2240F5EDF0005CCC7 /* MTCityList.app */;
			productType = "com.apple.product-type.application";
		};
		E5473BDC240F5EE20005CCC7 /* MTCityListTests */ = {
			isa = PBXNativeTarget;
			buildConfigurationList = E5473BF4240F5EE20005CCC7 /* Build configuration list for PBXNativeTarget "MTCityListTests" */;
			buildPhases = (
				E5473BD9240F5EE20005CCC7 /* Sources */,
				E5473BDA240F5EE20005CCC7 /* Frameworks */,
				E5473BDB240F5EE20005CCC7 /* Resources */,
			);
			buildRules = (
			);
			dependencies = (
				E5473BDF240F5EE20005CCC7 /* PBXTargetDependency */,
			);
			name = MTCityListTests;
			productName = MTCityListTests;
			productReference = E5473BDD240F5EE20005CCC7 /* MTCityListTests.xctest */;
			productType = "com.apple.product-type.bundle.unit-test";
		};
		E5473BE7240F5EE20005CCC7 /* MTCityListUITests */ = {
			isa = PBXNativeTarget;
			buildConfigurationList = E5473BF7240F5EE20005CCC7 /* Build configuration list for PBXNativeTarget "MTCityListUITests" */;
			buildPhases = (
				E5473BE4240F5EE20005CCC7 /* Sources */,
				E5473BE5240F5EE20005CCC7 /* Frameworks */,
				E5473BE6240F5EE20005CCC7 /* Resources */,
			);
			buildRules = (
			);
			dependencies = (
				E5473BEA240F5EE20005CCC7 /* PBXTargetDependency */,
			);
			name = MTCityListUITests;
			productName = MTCityListUITests;
			productReference = E5473BE8240F5EE20005CCC7 /* MTCityListUITests.xctest */;
			productType = "com.apple.product-type.bundle.ui-testing";
		};
/* End PBXNativeTarget section */

/* Begin PBXProject section */
		E5473BBA240F5EDF0005CCC7 /* Project object */ = {
			isa = PBXProject;
			attributes = {
				LastUpgradeCheck = 1110;
				ORGANIZATIONNAME = com.mt.citylist;
				TargetAttributes = {
					E5473BC1240F5EDF0005CCC7 = {
						CreatedOnToolsVersion = 11.1;
					};
					E5473BDC240F5EE20005CCC7 = {
						CreatedOnToolsVersion = 11.1;
						TestTargetID = E5473BC1240F5EDF0005CCC7;
					};
					E5473BE7240F5EE20005CCC7 = {
						CreatedOnToolsVersion = 11.1;
						TestTargetID = E5473BC1240F5EDF0005CCC7;
					};
				};
			};
			buildConfigurationList = E5473BBD240F5EDF0005CCC7 /* Build configuration list for PBXProject "MTCityList" */;
			compatibilityVersion = "Xcode 9.3";
			developmentRegion = en;
			hasScannedForEncodings = 0;
			knownRegions = (
				en,
				Base,
			);
			mainGroup = E5473BB9240F5EDF0005CCC7;
			productRefGroup = E5473BC3240F5EDF0005CCC7 /* Products */;
			projectDirPath = "";
			projectRoot = "";
			targets = (
				E5473BC1240F5EDF0005CCC7 /* MTCityList */,
				E5473BDC240F5EE20005CCC7 /* MTCityListTests */,
				E5473BE7240F5EE20005CCC7 /* MTCityListUITests */,
			);
		};
/* End PBXProject section */

/* Begin PBXResourcesBuildPhase section */
		E5473BC0240F5EDF0005CCC7 /* Resources */ = {
			isa = PBXResourcesBuildPhase;
			buildActionMask = 2147483647;
			files = (
				E5473C38240F98820005CCC7 /* README.md in Resources */,
				E5473BD5240F5EE20005CCC7 /* LaunchScreen.storyboard in Resources */,
				E5473BD2240F5EE20005CCC7 /* Assets.xcassets in Resources */,
				E5473C2D240F98110005CCC7 /* Area.json in Resources */,
				E5473BD0240F5EDF0005CCC7 /* Main.storyboard in Resources */,
				E5473C37240F98820005CCC7 /* LICENSE in Resources */,
			);
			runOnlyForDeploymentPostprocessing = 0;
		};
		E5473BDB240F5EE20005CCC7 /* Resources */ = {
			isa = PBXResourcesBuildPhase;
			buildActionMask = 2147483647;
			files = (
			);
			runOnlyForDeploymentPostprocessing = 0;
		};
		E5473BE6240F5EE20005CCC7 /* Resources */ = {
			isa = PBXResourcesBuildPhase;
			buildActionMask = 2147483647;
			files = (
			);
			runOnlyForDeploymentPostprocessing = 0;
		};
/* End PBXResourcesBuildPhase section */

/* Begin PBXSourcesBuildPhase section */
		E5473BBE240F5EDF0005CCC7 /* Sources */ = {
			isa = PBXSourcesBuildPhase;
			buildActionMask = 2147483647;
			files = (
				E5473C21240F90A70005CCC7 /* MASViewConstraint.m in Sources */,
				E5473C22240F90A70005CCC7 /* MASViewAttribute.m in Sources */,
				E5473C39240F98820005CCC7 /* NSObject+YYModel.m in Sources */,
				E5473C27240F94FF0005CCC7 /* MTCityModel.m in Sources */,
				E5473BCD240F5EDF0005CCC7 /* ViewController.m in Sources */,
				E5473BC7240F5EDF0005CCC7 /* AppDelegate.m in Sources */,
				E5473C1E240F90A70005CCC7 /* NSArray+MASAdditions.m in Sources */,
				E5473C1A240F90A70005CCC7 /* ViewController+MASAdditions.m in Sources */,
				E5473C3D240F98CC0005CCC7 /* NSString+TransformLetter.m in Sources */,
				E5473C4D240FBFB00005CCC7 /* UIButton+Tools.m in Sources */,
				E5473C1B240F90A70005CCC7 /* MASCompositeConstraint.m in Sources */,
				E5473BD8240F5EE20005CCC7 /* main.m in Sources */,
				E5473C1F240F90A70005CCC7 /* View+MASAdditions.m in Sources */,
				E5473C44240FBE220005CCC7 /* MTCityTableView.m in Sources */,
				E5473C4A240FBF010005CCC7 /* MTHotCItyTableViewCell.m in Sources */,
				E5473C47240FBE700005CCC7 /* MTCityTableViewCell.m in Sources */,
				E5473C1C240F90A70005CCC7 /* MASConstraintMaker.m in Sources */,
				E5473C20240F90A70005CCC7 /* MASConstraint.m in Sources */,
				E56A8374240FDD6200E0DBED /* MTCityHeaderView.m in Sources */,
				E5473C19240F90A70005CCC7 /* NSLayoutConstraint+MASDebugAdditions.m in Sources */,
				E5473C1D240F90A70005CCC7 /* MASLayoutConstraint.m in Sources */,
				E5473C41240FBCA90005CCC7 /* MTCityViewController.m in Sources */,
				E5473C2B240F97140005CCC7 /* NSUserDefaults+CustomObj.m in Sources */,
				E5473C3A240F98820005CCC7 /* YYClassInfo.m in Sources */,
				E5473BFD240F905F0005CCC7 /* MTCityManager.m in Sources */,
			);
			runOnlyForDeploymentPostprocessing = 0;
		};
		E5473BD9240F5EE20005CCC7 /* Sources */ = {
			isa = PBXSourcesBuildPhase;
			buildActionMask = 2147483647;
			files = (
				E5473BE2240F5EE20005CCC7 /* MTCityListTests.m in Sources */,
			);
			runOnlyForDeploymentPostprocessing = 0;
		};
		E5473BE4240F5EE20005CCC7 /* Sources */ = {
			isa = PBXSourcesBuildPhase;
			buildActionMask = 2147483647;
			files = (
				E5473BED240F5EE20005CCC7 /* MTCityListUITests.m in Sources */,
			);
			runOnlyForDeploymentPostprocessing = 0;
		};
/* End PBXSourcesBuildPhase section */

/* Begin PBXTargetDependency section */
		E5473BDF240F5EE20005CCC7 /* PBXTargetDependency */ = {
			isa = PBXTargetDependency;
			target = E5473BC1240F5EDF0005CCC7 /* MTCityList */;
			targetProxy = E5473BDE240F5EE20005CCC7 /* PBXContainerItemProxy */;
		};
		E5473BEA240F5EE20005CCC7 /* PBXTargetDependency */ = {
			isa = PBXTargetDependency;
			target = E5473BC1240F5EDF0005CCC7 /* MTCityList */;
			targetProxy = E5473BE9240F5EE20005CCC7 /* PBXContainerItemProxy */;
		};
/* End PBXTargetDependency section */

/* Begin PBXVariantGroup section */
		E5473BCE240F5EDF0005CCC7 /* Main.storyboard */ = {
			isa = PBXVariantGroup;
			children = (
				E5473BCF240F5EDF0005CCC7 /* Base */,
			);
			name = Main.storyboard;
			sourceTree = "<group>";
		};
		E5473BD3240F5EE20005CCC7 /* LaunchScreen.storyboard */ = {
			isa = PBXVariantGroup;
			children = (
				E5473BD4240F5EE20005CCC7 /* Base */,
			);
			name = LaunchScreen.storyboard;
			sourceTree = "<group>";
		};
/* End PBXVariantGroup section */

/* Begin XCBuildConfiguration section */
		E5473BEF240F5EE20005CCC7 /* Debug */ = {
			isa = XCBuildConfiguration;
			buildSettings = {
				ALWAYS_SEARCH_USER_PATHS = NO;
				CLANG_ANALYZER_NONNULL = YES;
				CLANG_ANALYZER_NUMBER_OBJECT_CONVERSION = YES_AGGRESSIVE;
				CLANG_CXX_LANGUAGE_STANDARD = "gnu++14";
				CLANG_CXX_LIBRARY = "libc++";
				CLANG_ENABLE_MODULES = YES;
				CLANG_ENABLE_OBJC_ARC = YES;
				CLANG_ENABLE_OBJC_WEAK = YES;
				CLANG_WARN_BLOCK_CAPTURE_AUTORELEASING = YES;
				CLANG_WARN_BOOL_CONVERSION = YES;
				CLANG_WARN_COMMA = YES;
				CLANG_WARN_CONSTANT_CONVERSION = YES;
				CLANG_WARN_DEPRECATED_OBJC_IMPLEMENTATIONS = YES;
				CLANG_WARN_DIRECT_OBJC_ISA_USAGE = YES_ERROR;
				CLANG_WARN_DOCUMENTATION_COMMENTS = YES;
				CLANG_WARN_EMPTY_BODY = YES;
				CLANG_WARN_ENUM_CONVERSION = YES;
				CLANG_WARN_INFINITE_RECURSION = YES;
				CLANG_WARN_INT_CONVERSION = YES;
				CLANG_WARN_NON_LITERAL_NULL_CONVERSION = YES;
				CLANG_WARN_OBJC_IMPLICIT_RETAIN_SELF = YES;
				CLANG_WARN_OBJC_LITERAL_CONVERSION = YES;
				CLANG_WARN_OBJC_ROOT_CLASS = YES_ERROR;
				CLANG_WARN_RANGE_LOOP_ANALYSIS = YES;
				CLANG_WARN_STRICT_PROTOTYPES = YES;
				CLANG_WARN_SUSPICIOUS_MOVE = YES;
				CLANG_WARN_UNGUARDED_AVAILABILITY = YES_AGGRESSIVE;
				CLANG_WARN_UNREACHABLE_CODE = YES;
				CLANG_WARN__DUPLICATE_METHOD_MATCH = YES;
				COPY_PHASE_STRIP = NO;
				DEBUG_INFORMATION_FORMAT = dwarf;
				ENABLE_STRICT_OBJC_MSGSEND = YES;
				ENABLE_TESTABILITY = YES;
				GCC_C_LANGUAGE_STANDARD = gnu11;
				GCC_DYNAMIC_NO_PIC = NO;
				GCC_NO_COMMON_BLOCKS = YES;
				GCC_OPTIMIZATION_LEVEL = 0;
				GCC_PREPROCESSOR_DEFINITIONS = (
					"DEBUG=1",
					"$(inherited)",
				);
				GCC_WARN_64_TO_32_BIT_CONVERSION = YES;
				GCC_WARN_ABOUT_RETURN_TYPE = YES_ERROR;
				GCC_WARN_UNDECLARED_SELECTOR = YES;
				GCC_WARN_UNINITIALIZED_AUTOS = YES_AGGRESSIVE;
				GCC_WARN_UNUSED_FUNCTION = YES;
				GCC_WARN_UNUSED_VARIABLE = YES;
				IPHONEOS_DEPLOYMENT_TARGET = 9.0;
				MTL_ENABLE_DEBUG_INFO = INCLUDE_SOURCE;
				MTL_FAST_MATH = YES;
				ONLY_ACTIVE_ARCH = YES;
				SDKROOT = iphoneos;
			};
			name = Debug;
		};
		E5473BF0240F5EE20005CCC7 /* Release */ = {
			isa = XCBuildConfiguration;
			buildSettings = {
				ALWAYS_SEARCH_USER_PATHS = NO;
				CLANG_ANALYZER_NONNULL = YES;
				CLANG_ANALYZER_NUMBER_OBJECT_CONVERSION = YES_AGGRESSIVE;
				CLANG_CXX_LANGUAGE_STANDARD = "gnu++14";
				CLANG_CXX_LIBRARY = "libc++";
				CLANG_ENABLE_MODULES = YES;
				CLANG_ENABLE_OBJC_ARC = YES;
				CLANG_ENABLE_OBJC_WEAK = YES;
				CLANG_WARN_BLOCK_CAPTURE_AUTORELEASING = YES;
				CLANG_WARN_BOOL_CONVERSION = YES;
				CLANG_WARN_COMMA = YES;
				CLANG_WARN_CONSTANT_CONVERSION = YES;
				CLANG_WARN_DEPRECATED_OBJC_IMPLEMENTATIONS = YES;
				CLANG_WARN_DIRECT_OBJC_ISA_USAGE = YES_ERROR;
				CLANG_WARN_DOCUMENTATION_COMMENTS = YES;
				CLANG_WARN_EMPTY_BODY = YES;
				CLANG_WARN_ENUM_CONVERSION = YES;
				CLANG_WARN_INFINITE_RECURSION = YES;
				CLANG_WARN_INT_CONVERSION = YES;
				CLANG_WARN_NON_LITERAL_NULL_CONVERSION = YES;
				CLANG_WARN_OBJC_IMPLICIT_RETAIN_SELF = YES;
				CLANG_WARN_OBJC_LITERAL_CONVERSION = YES;
				CLANG_WARN_OBJC_ROOT_CLASS = YES_ERROR;
				CLANG_WARN_RANGE_LOOP_ANALYSIS = YES;
				CLANG_WARN_STRICT_PROTOTYPES = YES;
				CLANG_WARN_SUSPICIOUS_MOVE = YES;
				CLANG_WARN_UNGUARDED_AVAILABILITY = YES_AGGRESSIVE;
				CLANG_WARN_UNREACHABLE_CODE = YES;
				CLANG_WARN__DUPLICATE_METHOD_MATCH = YES;
				COPY_PHASE_STRIP = NO;
				DEBUG_INFORMATION_FORMAT = "dwarf-with-dsym";
				ENABLE_NS_ASSERTIONS = NO;
				ENABLE_STRICT_OBJC_MSGSEND = YES;
				GCC_C_LANGUAGE_STANDARD = gnu11;
				GCC_NO_COMMON_BLOCKS = YES;
				GCC_WARN_64_TO_32_BIT_CONVERSION = YES;
				GCC_WARN_ABOUT_RETURN_TYPE = YES_ERROR;
				GCC_WARN_UNDECLARED_SELECTOR = YES;
				GCC_WARN_UNINITIALIZED_AUTOS = YES_AGGRESSIVE;
				GCC_WARN_UNUSED_FUNCTION = YES;
				GCC_WARN_UNUSED_VARIABLE = YES;
				IPHONEOS_DEPLOYMENT_TARGET = 9.0;
				MTL_ENABLE_DEBUG_INFO = NO;
				MTL_FAST_MATH = YES;
				SDKROOT = iphoneos;
				VALIDATE_PRODUCT = YES;
			};
			name = Release;
		};
		E5473BF2240F5EE20005CCC7 /* Debug */ = {
			isa = XCBuildConfiguration;
			buildSettings = {
				ASSETCATALOG_COMPILER_APPICON_NAME = AppIcon;
				CODE_SIGN_STYLE = Automatic;
				DEVELOPMENT_TEAM = J2YCKU52A2;
				GCC_PREFIX_HEADER = "$(SRCROOT)/MTCityList/MTCityList.pch";
				INFOPLIST_FILE = MTCityList/Info.plist;
				LD_RUNPATH_SEARCH_PATHS = (
					"$(inherited)",
					"@executable_path/Frameworks",
				);
				PRODUCT_BUNDLE_IDENTIFIER = com.mt.citylist;
				PRODUCT_NAME = "$(TARGET_NAME)";
				TARGETED_DEVICE_FAMILY = "1,2";
			};
			name = Debug;
		};
		E5473BF3240F5EE20005CCC7 /* Release */ = {
			isa = XCBuildConfiguration;
			buildSettings = {
				ASSETCATALOG_COMPILER_APPICON_NAME = AppIcon;
				CODE_SIGN_STYLE = Automatic;
				DEVELOPMENT_TEAM = J2YCKU52A2;
				GCC_PREFIX_HEADER = "$(SRCROOT)/MTCityList/MTCityList.pch";
				INFOPLIST_FILE = MTCityList/Info.plist;
				LD_RUNPATH_SEARCH_PATHS = (
					"$(inherited)",
					"@executable_path/Frameworks",
				);
				PRODUCT_BUNDLE_IDENTIFIER = com.mt.citylist;
				PRODUCT_NAME = "$(TARGET_NAME)";
				TARGETED_DEVICE_FAMILY = "1,2";
			};
			name = Release;
		};
		E5473BF5240F5EE20005CCC7 /* Debug */ = {
			isa = XCBuildConfiguration;
			buildSettings = {
				BUNDLE_LOADER = "$(TEST_HOST)";
				CODE_SIGN_STYLE = Automatic;
				DEVELOPMENT_TEAM = J2YCKU52A2;
				INFOPLIST_FILE = MTCityListTests/Info.plist;
				IPHONEOS_DEPLOYMENT_TARGET = 13.1;
				LD_RUNPATH_SEARCH_PATHS = (
					"$(inherited)",
					"@executable_path/Frameworks",
					"@loader_path/Frameworks",
				);
				PRODUCT_BUNDLE_IDENTIFIER = com.mt.citylist.MTCityListTests;
				PRODUCT_NAME = "$(TARGET_NAME)";
				TARGETED_DEVICE_FAMILY = "1,2";
				TEST_HOST = "$(BUILT_PRODUCTS_DIR)/MTCityList.app/MTCityList";
			};
			name = Debug;
		};
		E5473BF6240F5EE20005CCC7 /* Release */ = {
			isa = XCBuildConfiguration;
			buildSettings = {
				BUNDLE_LOADER = "$(TEST_HOST)";
				CODE_SIGN_STYLE = Automatic;
				DEVELOPMENT_TEAM = J2YCKU52A2;
				INFOPLIST_FILE = MTCityListTests/Info.plist;
				IPHONEOS_DEPLOYMENT_TARGET = 13.1;
				LD_RUNPATH_SEARCH_PATHS = (
					"$(inherited)",
					"@executable_path/Frameworks",
					"@loader_path/Frameworks",
				);
				PRODUCT_BUNDLE_IDENTIFIER = com.mt.citylist.MTCityListTests;
				PRODUCT_NAME = "$(TARGET_NAME)";
				TARGETED_DEVICE_FAMILY = "1,2";
				TEST_HOST = "$(BUILT_PRODUCTS_DIR)/MTCityList.app/MTCityList";
			};
			name = Release;
		};
		E5473BF8240F5EE20005CCC7 /* Debug */ = {
			isa = XCBuildConfiguration;
			buildSettings = {
				CODE_SIGN_STYLE = Automatic;
				DEVELOPMENT_TEAM = J2YCKU52A2;
				INFOPLIST_FILE = MTCityListUITests/Info.plist;
				LD_RUNPATH_SEARCH_PATHS = (
					"$(inherited)",
					"@executable_path/Frameworks",
					"@loader_path/Frameworks",
				);
				PRODUCT_BUNDLE_IDENTIFIER = com.mt.citylist.MTCityListUITests;
				PRODUCT_NAME = "$(TARGET_NAME)";
				TARGETED_DEVICE_FAMILY = "1,2";
				TEST_TARGET_NAME = MTCityList;
			};
			name = Debug;
		};
		E5473BF9240F5EE20005CCC7 /* Release */ = {
			isa = XCBuildConfiguration;
			buildSettings = {
				CODE_SIGN_STYLE = Automatic;
				DEVELOPMENT_TEAM = J2YCKU52A2;
				INFOPLIST_FILE = MTCityListUITests/Info.plist;
				LD_RUNPATH_SEARCH_PATHS = (
					"$(inherited)",
					"@executable_path/Frameworks",
					"@loader_path/Frameworks",
				);
				PRODUCT_BUNDLE_IDENTIFIER = com.mt.citylist.MTCityListUITests;
				PRODUCT_NAME = "$(TARGET_NAME)";
				TARGETED_DEVICE_FAMILY = "1,2";
				TEST_TARGET_NAME = MTCityList;
			};
			name = Release;
		};
/* End XCBuildConfiguration section */

/* Begin XCConfigurationList section */
		E5473BBD240F5EDF0005CCC7 /* Build configuration list for PBXProject "MTCityList" */ = {
			isa = XCConfigurationList;
			buildConfigurations = (
				E5473BEF240F5EE20005CCC7 /* Debug */,
				E5473BF0240F5EE20005CCC7 /* Release */,
			);
			defaultConfigurationIsVisible = 0;
			defaultConfigurationName = Release;
		};
		E5473BF1240F5EE20005CCC7 /* Build configuration list for PBXNativeTarget "MTCityList" */ = {
			isa = XCConfigurationList;
			buildConfigurations = (
				E5473BF2240F5EE20005CCC7 /* Debug */,
				E5473BF3240F5EE20005CCC7 /* Release */,
			);
			defaultConfigurationIsVisible = 0;
			defaultConfigurationName = Release;
		};
		E5473BF4240F5EE20005CCC7 /* Build configuration list for PBXNativeTarget "MTCityListTests" */ = {
			isa = XCConfigurationList;
			buildConfigurations = (
				E5473BF5240F5EE20005CCC7 /* Debug */,
				E5473BF6240F5EE20005CCC7 /* Release */,
			);
			defaultConfigurationIsVisible = 0;
			defaultConfigurationName = Release;
		};
		E5473BF7240F5EE20005CCC7 /* Build configuration list for PBXNativeTarget "MTCityListUITests" */ = {
			isa = XCConfigurationList;
			buildConfigurations = (
				E5473BF8240F5EE20005CCC7 /* Debug */,
				E5473BF9240F5EE20005CCC7 /* Release */,
			);
			defaultConfigurationIsVisible = 0;
			defaultConfigurationName = Release;
		};
/* End XCConfigurationList section */
	};
	rootObject = E5473BBA240F5EDF0005CCC7 /* Project object */;
}
